github.com/BurntSushi/toml v0.3.1/go.mod h1:xHWCNGjB5oqiDr8zfno3MHue2Ht5sIBksp03qcyfWMU=
github.com/davecgh/go-spew v1.1.1 h1:vj9j/u1bqnvCEfJOwUhtlOARqs3+rkHYY13jYWTU97c=
github.com/davecgh/go-spew v1.1.1/go.mod h1:J7Y8YcW2NihsgmVo/mv3lAwl/skON4iLHjSsI+c5H38=
github.com/dustin/go-humanize v1.0.0 h1:VSnTsYCnlFHaM2/igO1h6X3HA71jcobQuxemgkq4zYo=
github.com/dustin/go-humanize v1.0.0/go.mod h1:HtrtbFcZ19U5GC7JDqmcUSB87Iq5E25KnS6fMYU6eOk=
github.com/go-telegram-bot-api/telegram-bot-api v4.6.4+incompatible h1:2cauKuaELYAEARXRkq2LrJ0yDDv1rW7+wrTEdVL3uaU=
github.com/go-telegram-bot-api/telegram-bot-api v4.6.4+incompatible/go.mod h1:qf9acutJ8cwBUhm1bqgz6Bei9/C/c93FPDljKWwsOgM=
github.com/golang/mock v1.4.3 h1:GV+pQPG/EUUbkh47niozDcADz6go/dUwhVzdUQHIVRw=
github.com/golang/mock v1.4.3/go.mod h1:UOMv5ysSaYNkG+OFQykRIcU/QvvxJf3p21QfJ2Bt3cw=
github.com/golang/mock v1.4.4 h1:l75CXGRSwbaYNpl/Z2X1XIIAMSCquvXgpVZDhwEIJsc=
github.com/golang/mock v1.4.4/go.mod h1:l3mdAwkq5BuhzHwde/uurv3sEJeZMXNpwsxVWU71h+4=
github.com/google/go-cmp v0.4.1 h1:/exdXoGamhu5ONeUJH0deniYLWYvQwW66yvlfiiKTu0=
github.com/google/go-cmp v0.4.1/go.mod h1:v8dTdLbMG2kIc/vJvl+f65V22dbkXbowE6jgT/gNBxE=
github.com/google/go-cmp v0.5.0 h1:/QaMHBdZ26BB3SSst0Iwl10Epc+xhTquomWX0oZEB6w=
github.com/google/go-cmp v0.5.0/go.mod h1:v8dTdLbMG2kIc/vJvl+f65V22dbkXbowE6jgT/gNBxE=
github.com/google/go-cmp v0.5.1 h1:JFrFEBb2xKufg6XkJsJr+WbKb4FQlURi5RUcBveYu9k=
github.com/google/go-cmp v0.5.1/go.mod h1:v8dTdLbMG2kIc/vJvl+f65V22dbkXbowE6jgT/gNBxE=
github.com/google/go-cmp v0.5.2 h1:X2ev0eStA3AbceY54o37/0PQ/UWqKEiiO2dKL5OPaFM=
github.com/google/go-cmp v0.5.2/go.mod h1:v8dTdLbMG2kIc/vJvl+f65V22dbkXbowE6jgT/gNBxE=
github.com/google/uuid v1.1.1 h1:Gkbcsh/GbpXz7lPftLA3P6TYMwjCLYm83jiFQZF/3gY=
github.com/google/uuid v1.1.1/go.mod h1:TIyPZe4MgqvfeYDBFedMoGGpEw/LqOeaOT+nhxU+yHo=
github.com/pborzenkov/go-transmission v0.2.0 h1:M2BNkMMkSzMR1R2O8/qOHrdH/9hehnryo8ydRM7VfJg=
github.com/pborzenkov/go-transmission v0.2.0/go.mod h1:OVq5GIEww8myxj++57xDkbITDe1dBLZBIu8WcIhNSW0=
github.com/pelletier/go-toml v1.6.0/go.mod h1:5N711Q9dKgbdkxHL+MEfF31hpT7l0S0s/t2kKREewys=
github.com/peterbourgon/ff/v3 v3.0.0 h1:eQzEmNahuOjQXfuegsKQTSTDbf4dNvr/eNLrmJhiH7M=
github.com/peterbourgon/ff/v3 v3.0.0/go.mod h1:UILIFjRH5a/ar8TjXYLTkIvSvekZqPm5Eb/qbGk6CT0=
github.com/technoweenie/multipartstreamer v1.0.1 h1:XRztA5MXiR1TIRHxH2uNxXxaIkKQDeX7m2XsSOlQEnM=
github.com/technoweenie/multipartstreamer v1.0.1/go.mod h1:jNVxdtShOxzAsukZwTSw6MDx5eUJoiEBsSvzDU9uzog=
golang.org/x/crypto v0.0.0-20190308221718-c2843e01d9a2/go.mod h1:djNgcEr1/C05ACkg1iLfiJU5Ep61QUkGW8qpdssI0+w=
golang.org/x/net v0.0.0-20190311183353-d8887717615a/go.mod h1:t9HGtf8HONx5eT2rtn7q6eTqICYqUVnKs3thJo3Qplg=
golang.org/x/sync v0.0.0-20190423024810-112230192c58/go.mod h1:RxMgew5VJxzue5/jJTE5uejpjVlOe/izrB70Jof72aM=
golang.org/x/sys v0.0.0-20190215142949-d0b11bdaac8a/go.mod h1:STP8DvDyc/dI5b8T5hshtkjS+E42TnysNCUPdjciGhY=
golang.org/x/text v0.0.0-20170915032832-14c0d48ead0c/go.mod h1:NqM8EUOU14njkJ3fqMW+pc6Ldnwhi/IjpwHt7yyuwOQ=
golang.org/x/text v0.3.0/go.mod h1:NqM8EUOU14njkJ3fqMW+pc6Ldnwhi/IjpwHt7yyuwOQ=
golang.org/x/tools v0.0.0-20190425150028-36563e24a262/go.mod h1:RgjU9mgBXZiqYHBnxXauZ1Gv1EHHAz9KjViQ78xBX0Q=
golang.org/x/xerrors v0.0.0-20191204190536-9bdfabe68543 h1:E7g+9GITq07hpfrRu66IVDexMakfv52eLZ2CXBWiKr4=
golang.org/x/xerrors v0.0.0-20191204190536-9bdfabe68543/go.mod h1:I/5z698sn9Ka8TeJc9MKroUUfqBBauWjQqLJ2OPfmY0=
gopkg.in/check.v1 v0.0.0-20161208181325-20d25e280405 h1:yhCVgyC4o1eVCa2tZl7eS0r+SDo693bJlVdllGtEeKM=
gopkg.in/check.v1 v0.0.0-20161208181325-20d25e280405/go.mod h1:Co6ibVJAznAaIkqp8huTwlJQCZ016jof/cbN4VW5Yz0=
gopkg.in/yaml.v2 v2.2.4 h1:/eiJrUcujPVeJ3xlSWaiNi3uSVmDGBK1pDHUHAnao1I=
gopkg.in/yaml.v2 v2.2.4/go.mod h1:hI93XBmqTisBFMUTm0b8Fm+jr3Dg1NNxqwp+5A1VGuI=
rsc.io/quote/v3 v3.1.0/go.mod h1:yEA65RcK8LyAZtP9Kv3t0HmxON59tX3rD+tICJqUlj0=
rsc.io/sampler v1.3.0/go.mod h1:T1hPZKmBbMNahiBKFy5HrXp6adAjACjK9JXDnKaTXpA=
